
Microsoft Visual Studio Solution File, Format Version 12.00
Project("{FAE04EC0-301F-11D3-BF4B-00C04F79EFBC}") = "Grades.Tests", "Grades.Tests\Grades.Tests.csproj", "{350A2F75-FED5-4671-8BA6-1952E6D165E2}"
EndProject
Project("{FAE04EC0-301F-11D3-BF4B-00C04F79EFBC}") = "Grades", "Grades\Grades.csproj", "{E403B2DE-5FB9-49CD-9129-EF22BA6C0E81}"
EndProject
Global
	GlobalSection(SolutionConfigurationPlatforms) = preSolution
		Debug|Any CPU = Debug|Any CPU
		Release|Any CPU = Release|Any CPU
	EndGlobalSection
	GlobalSection(ProjectConfigurationPlatforms) = postSolution
		{350A2F75-FED5-4671-8BA6-1952E6D165E2}.Debug|Any CPU.ActiveCfg = Debug|Any CPU
		{350A2F75-FED5-4671-8BA6-1952E6D165E2}.Debug|Any CPU.Build.0 = Debug|Any CPU
		{350A2F75-FED5-4671-8BA6-1952E6D165E2}.Release|Any CPU.ActiveCfg = Release|Any CPU
		{350A2F75-FED5-4671-8BA6-1952E6D165E2}.Release|Any CPU.Build.0 = Release|Any CPU
		{E403B2DE-5FB9-49CD-9129-EF22BA6C0E81}.Debug|Any CPU.ActiveCfg = Debug|Any CPU
		{E403B2DE-5FB9-49CD-9129-EF22BA6C0E81}.Debug|Any CPU.Build.0 = Debug|Any CPU
		{E403B2DE-5FB9-49CD-9129-EF22BA6C0E81}.Release|Any CPU.ActiveCfg = Release|Any CPU
		{E403B2DE-5FB9-49CD-9129-EF22BA6C0E81}.Release|Any CPU.Build.0 = Release|Any CPU
	EndGlobalSection
EndGlobal
